// !$*UTF8*$!
{
	archiveVersion = 1;
	classes = {
	};
	objectVersion = 46;
	objects = {

/* Begin PBXBuildFile section */
		5391559F1B59B788007CC79C /* AppDelegate.swift in Sources */ = {isa = PBXBuildFile; fileRef = 5391559E1B59B788007CC79C /* AppDelegate.swift */; };
		539155A21B59B788007CC79C /* Virtual_Tourist.xcdatamodeld in Sources */ = {isa = PBXBuildFile; fileRef = 539155A01B59B788007CC79C /* Virtual_Tourist.xcdatamodeld */; };
		539155A41B59B788007CC79C /* MapViewController.swift in Sources */ = {isa = PBXBuildFile; fileRef = 539155A31B59B788007CC79C /* MapViewController.swift */; };
		539155A71B59B788007CC79C /* Main.storyboard in Resources */ = {isa = PBXBuildFile; fileRef = 539155A51B59B788007CC79C /* Main.storyboard */; };
		539155A91B59B788007CC79C /* Images.xcassets in Resources */ = {isa = PBXBuildFile; fileRef = 539155A81B59B788007CC79C /* Images.xcassets */; };
		539155AC1B59B788007CC79C /* LaunchScreen.xib in Resources */ = {isa = PBXBuildFile; fileRef = 539155AA1B59B788007CC79C /* LaunchScreen.xib */; };
		539155B81B59B788007CC79C /* Virtual_TouristTests.swift in Sources */ = {isa = PBXBuildFile; fileRef = 539155B71B59B788007CC79C /* Virtual_TouristTests.swift */; };
		539155C21B59BB8B007CC79C /* MapKit.framework in Frameworks */ = {isa = PBXBuildFile; fileRef = 539155C11B59BB8B007CC79C /* MapKit.framework */; };
		53C217F61B68E3EA00D3547F /* CoreDataManager.swift in Sources */ = {isa = PBXBuildFile; fileRef = 53C217F51B68E3EA00D3547F /* CoreDataManager.swift */; };
		53C217F81B68FEBE00D3547F /* Pin.swift in Sources */ = {isa = PBXBuildFile; fileRef = 53C217F71B68FEBE00D3547F /* Pin.swift */; };
		53C217FA1B69013400D3547F /* Photo.swift in Sources */ = {isa = PBXBuildFile; fileRef = 53C217F91B69013400D3547F /* Photo.swift */; };
/* End PBXBuildFile section */

/* Begin PBXContainerItemProxy section */
		539155B21B59B788007CC79C /* PBXContainerItemProxy */ = {
			isa = PBXContainerItemProxy;
			containerPortal = 539155911B59B787007CC79C /* Project object */;
			proxyType = 1;
			remoteGlobalIDString = 539155981B59B787007CC79C;
			remoteInfo = "Virtual Tourist";
		};
/* End PBXContainerItemProxy section */

/* Begin PBXFileReference section */
		539155991B59B788007CC79C /* Virtual Tourist.app */ = {isa = PBXFileReference; explicitFileType = wrapper.application; includeInIndex = 0; path = "Virtual Tourist.app"; sourceTree = BUILT_PRODUCTS_DIR; };
		5391559D1B59B788007CC79C /* Info.plist */ = {isa = PBXFileReference; lastKnownFileType = text.plist.xml; path = Info.plist; sourceTree = "<group>"; };
		5391559E1B59B788007CC79C /* AppDelegate.swift */ = {isa = PBXFileReference; lastKnownFileType = sourcecode.swift; path = AppDelegate.swift; sourceTree = "<group>"; };
		539155A11B59B788007CC79C /* Virtual_Tourist.xcdatamodel */ = {isa = PBXFileReference; lastKnownFileType = wrapper.xcdatamodel; path = Virtual_Tourist.xcdatamodel; sourceTree = "<group>"; };
		539155A31B59B788007CC79C /* MapViewController.swift */ = {isa = PBXFileReference; lastKnownFileType = sourcecode.swift; path = MapViewController.swift; sourceTree = "<group>"; };
		539155A61B59B788007CC79C /* Base */ = {isa = PBXFileReference; lastKnownFileType = file.storyboard; name = Base; path = Base.lproj/Main.storyboard; sourceTree = "<group>"; };
		539155A81B59B788007CC79C /* Images.xcassets */ = {isa = PBXFileReference; lastKnownFileType = folder.assetcatalog; path = Images.xcassets; sourceTree = "<group>"; };
		539155AB1B59B788007CC79C /* Base */ = {isa = PBXFileReference; lastKnownFileType = file.xib; name = Base; path = Base.lproj/LaunchScreen.xib; sourceTree = "<group>"; };
		539155B11B59B788007CC79C /* Virtual TouristTests.xctest */ = {isa = PBXFileReference; explicitFileType = wrapper.cfbundle; includeInIndex = 0; path = "Virtual TouristTests.xctest"; sourceTree = BUILT_PRODUCTS_DIR; };
		539155B61B59B788007CC79C /* Info.plist */ = {isa = PBXFileReference; lastKnownFileType = text.plist.xml; path = Info.plist; sourceTree = "<group>"; };
		539155B71B59B788007CC79C /* Virtual_TouristTests.swift */ = {isa = PBXFileReference; lastKnownFileType = sourcecode.swift; path = Virtual_TouristTests.swift; sourceTree = "<group>"; };
		539155C11B59BB8B007CC79C /* MapKit.framework */ = {isa = PBXFileReference; lastKnownFileType = wrapper.framework; name = MapKit.framework; path = System/Library/Frameworks/MapKit.framework; sourceTree = SDKROOT; };
		53C217F51B68E3EA00D3547F /* CoreDataManager.swift */ = {isa = PBXFileReference; fileEncoding = 4; lastKnownFileType = sourcecode.swift; path = CoreDataManager.swift; sourceTree = "<group>"; };
		53C217F71B68FEBE00D3547F /* Pin.swift */ = {isa = PBXFileReference; fileEncoding = 4; lastKnownFileType = sourcecode.swift; path = Pin.swift; sourceTree = "<group>"; };
		53C217F91B69013400D3547F /* Photo.swift */ = {isa = PBXFileReference; fileEncoding = 4; lastKnownFileType = sourcecode.swift; path = Photo.swift; sourceTree = "<group>"; };
/* End PBXFileReference section */

/* Begin PBXFrameworksBuildPhase section */
		539155961B59B787007CC79C /* Frameworks */ = {
			isa = PBXFrameworksBuildPhase;
			buildActionMask = 2147483647;
			files = (
				539155C21B59BB8B007CC79C /* MapKit.framework in Frameworks */,
			);
			runOnlyForDeploymentPostprocessing = 0;
		};
		539155AE1B59B788007CC79C /* Frameworks */ = {
			isa = PBXFrameworksBuildPhase;
			buildActionMask = 2147483647;
			files = (
			);
			runOnlyForDeploymentPostprocessing = 0;
		};
/* End PBXFrameworksBuildPhase section */

/* Begin PBXGroup section */
		539155901B59B787007CC79C = {
			isa = PBXGroup;
			children = (
				539155C11B59BB8B007CC79C /* MapKit.framework */,
				5391559B1B59B788007CC79C /* Virtual Tourist */,
				539155B41B59B788007CC79C /* Virtual TouristTests */,
				5391559A1B59B788007CC79C /* Products */,
			);
			sourceTree = "<group>";
		};
		5391559A1B59B788007CC79C /* Products */ = {
			isa = PBXGroup;
			children = (
				539155991B59B788007CC79C /* Virtual Tourist.app */,
				539155B11B59B788007CC79C /* Virtual TouristTests.xctest */,
			);
			name = Products;
			sourceTree = "<group>";
		};
		5391559B1B59B788007CC79C /* Virtual Tourist */ = {
			isa = PBXGroup;
			children = (
				5391559E1B59B788007CC79C /* AppDelegate.swift */,
				539155A31B59B788007CC79C /* MapViewController.swift */,
				539155A51B59B788007CC79C /* Main.storyboard */,
				539155A81B59B788007CC79C /* Images.xcassets */,
				539155AA1B59B788007CC79C /* LaunchScreen.xib */,
				539155A01B59B788007CC79C /* Virtual_Tourist.xcdatamodeld */,
				53C217F51B68E3EA00D3547F /* CoreDataManager.swift */,
				5391559C1B59B788007CC79C /* Supporting Files */,
			);
			path = "Virtual Tourist";
			sourceTree = "<group>";
		};
		5391559C1B59B788007CC79C /* Supporting Files */ = {
			isa = PBXGroup;
			children = (
				53C217F71B68FEBE00D3547F /* Pin.swift */,
				53C217F91B69013400D3547F /* Photo.swift */,
				5391559D1B59B788007CC79C /* Info.plist */,
			);
			name = "Supporting Files";
			sourceTree = "<group>";
		};
		539155B41B59B788007CC79C /* Virtual TouristTests */ = {
			isa = PBXGroup;
			children = (
				539155B71B59B788007CC79C /* Virtual_TouristTests.swift */,
				539155B51B59B788007CC79C /* Supporting Files */,
			);
			path = "Virtual TouristTests";
			sourceTree = "<group>";
		};
		539155B51B59B788007CC79C /* Supporting Files */ = {
			isa = PBXGroup;
			children = (
				539155B61B59B788007CC79C /* Info.plist */,
			);
			name = "Supporting Files";
			sourceTree = "<group>";
		};
/* End PBXGroup section */

/* Begin PBXNativeTarget section */
		539155981B59B787007CC79C /* Virtual Tourist */ = {
			isa = PBXNativeTarget;
			buildConfigurationList = 539155BB1B59B788007CC79C /* Build configuration list for PBXNativeTarget "Virtual Tourist" */;
			buildPhases = (
				539155951B59B787007CC79C /* Sources */,
				539155961B59B787007CC79C /* Frameworks */,
				539155971B59B787007CC79C /* Resources */,
			);
			buildRules = (
			);
			dependencies = (
			);
			name = "Virtual Tourist";
			productName = "Virtual Tourist";
			productReference = 539155991B59B788007CC79C /* Virtual Tourist.app */;
			productType = "com.apple.product-type.application";
		};
		539155B01B59B788007CC79C /* Virtual TouristTests */ = {
			isa = PBXNativeTarget;
			buildConfigurationList = 539155BE1B59B788007CC79C /* Build configuration list for PBXNativeTarget "Virtual TouristTests" */;
			buildPhases = (
				539155AD1B59B788007CC79C /* Sources */,
				539155AE1B59B788007CC79C /* Frameworks */,
				539155AF1B59B788007CC79C /* Resources */,
			);
			buildRules = (
			);
			dependencies = (
				539155B31B59B788007CC79C /* PBXTargetDependency */,
			);
			name = "Virtual TouristTests";
			productName = "Virtual TouristTests";
			productReference = 539155B11B59B788007CC79C /* Virtual TouristTests.xctest */;
			productType = "com.apple.product-type.bundle.unit-test";
		};
/* End PBXNativeTarget section */

/* Begin PBXProject section */
		539155911B59B787007CC79C /* Project object */ = {
			isa = PBXProject;
			attributes = {
				LastUpgradeCheck = 0640;
				ORGANIZATIONNAME = ttobin;
				TargetAttributes = {
					539155981B59B787007CC79C = {
						CreatedOnToolsVersion = 6.4;
					};
					539155B01B59B788007CC79C = {
						CreatedOnToolsVersion = 6.4;
						TestTargetID = 539155981B59B787007CC79C;
					};
				};
			};
			buildConfigurationList = 539155941B59B787007CC79C /* Build configuration list for PBXProject "Virtual Tourist" */;
			compatibilityVersion = "Xcode 3.2";
			developmentRegion = English;
			hasScannedForEncodings = 0;
			knownRegions = (
				en,
				Base,
			);
			mainGroup = 539155901B59B787007CC79C;
			productRefGroup = 5391559A1B59B788007CC79C /* Products */;
			projectDirPath = "";
			projectRoot = "";
			targets = (
				539155981B59B787007CC79C /* Virtual Tourist */,
				539155B01B59B788007CC79C /* Virtual TouristTests */,
			);
		};
/* End PBXProject section */

/* Begin PBXResourcesBuildPhase section */
		539155971B59B787007CC79C /* Resources */ = {
			isa = PBXResourcesBuildPhase;
			buildActionMask = 2147483647;
			files = (
				539155A71B59B788007CC79C /* Main.storyboard in Resources */,
				539155AC1B59B788007CC79C /* LaunchScreen.xib in Resources */,
				539155A91B59B788007CC79C /* Images.xcassets in Resources */,
			);
			runOnlyForDeploymentPostprocessing = 0;
		};
		539155AF1B59B788007CC79C /* Resources */ = {
			isa = PBXResourcesBuildPhase;
			buildActionMask = 2147483647;
			files = (
			);
			runOnlyForDeploymentPostprocessing = 0;
		};
/* End PBXResourcesBuildPhase section */

/* Begin PBXSourcesBuildPhase section */
		539155951B59B787007CC79C /* Sources */ = {
			isa = PBXSourcesBuildPhase;
			buildActionMask = 2147483647;
			files = (
				53C217FA1B69013400D3547F /* Photo.swift in Sources */,
				53C217F81B68FEBE00D3547F /* Pin.swift in Sources */,
				539155A41B59B788007CC79C /* MapViewController.swift in Sources */,
				539155A21B59B788007CC79C /* Virtual_Tourist.xcdatamodeld in Sources */,
				53C217F61B68E3EA00D3547F /* CoreDataManager.swift in Sources */,
				5391559F1B59B788007CC79C /* AppDelegate.swift in Sources */,
			);
			runOnlyForDeploymentPostprocessing = 0;
		};
		539155AD1B59B788007CC79C /* Sources */ = {
			isa = PBXSourcesBuildPhase;
			buildActionMask = 2147483647;
			files = (
				539155B81B59B788007CC79C /* Virtual_TouristTests.swift in Sources */,
			);
			runOnlyForDeploymentPostprocessing = 0;
		};
/* End PBXSourcesBuildPhase section */

/* Begin PBXTargetDependency section */
		539155B31B59B788007CC79C /* PBXTargetDependency */ = {
			isa = PBXTargetDependency;
			target = 539155981B59B787007CC79C /* Virtual Tourist */;
			targetProxy = 539155B21B59B788007CC79C /* PBXContainerItemProxy */;
		};
/* End PBXTargetDependency section */

/* Begin PBXVariantGroup section */
		539155A51B59B788007CC79C /* Main.storyboard */ = {
			isa = PBXVariantGroup;
			children = (
				539155A61B59B788007CC79C /* Base */,
			);
			name = Main.storyboard;
			sourceTree = "<group>";
		};
		539155AA1B59B788007CC79C /* LaunchScreen.xib */ = {
			isa = PBXVariantGroup;
			children = (
				539155AB1B59B788007CC79C /* Base */,
			);
			name = LaunchScreen.xib;
			sourceTree = "<group>";
		};
/* End PBXVariantGroup section */

/* Begin XCBuildConfiguration section */
		539155B91B59B788007CC79C /* Debug */ = {
			isa = XCBuildConfiguration;
			buildSettings = {
				ALWAYS_SEARCH_USER_PATHS = NO;
				CLANG_CXX_LANGUAGE_STANDARD = "gnu++0x";
				CLANG_CXX_LIBRARY = "libc++";
				CLANG_ENABLE_MODULES = YES;
				CLANG_ENABLE_OBJC_ARC = YES;
				CLANG_WARN_BOOL_CONVERSION = YES;
				CLANG_WARN_CONSTANT_CONVERSION = YES;
				CLANG_WARN_DIRECT_OBJC_ISA_USAGE = YES_ERROR;
				CLANG_WARN_EMPTY_BODY = YES;
				CLANG_WARN_ENUM_CONVERSION = YES;
				CLANG_WARN_INT_CONVERSION = YES;
				CLANG_WARN_OBJC_ROOT_CLASS = YES_ERROR;
				CLANG_WARN_UNREACHABLE_CODE = YES;
				CLANG_WARN__DUPLICATE_METHOD_MATCH = YES;
				"CODE_SIGN_IDENTITY[sdk=iphoneos*]" = "iPhone Developer";
				COPY_PHASE_STRIP = NO;
				DEBUG_INFORMATION_FORMAT = "dwarf-with-dsym";
				ENABLE_STRICT_OBJC_MSGSEND = YES;
				GCC_C_LANGUAGE_STANDARD = gnu99;
				GCC_DYNAMIC_NO_PIC = NO;
				GCC_NO_COMMON_BLOCKS = YES;
				GCC_OPTIMIZATION_LEVEL = 0;
				GCC_PREPROCESSOR_DEFINITIONS = (
					"DEBUG=1",
					"$(inherited)",
				);
				GCC_SYMBOLS_PRIVATE_EXTERN = NO;
				GCC_WARN_64_TO_32_BIT_CONVERSION = YES;
				GCC_WARN_ABOUT_RETURN_TYPE = YES_ERROR;
				GCC_WARN_UNDECLARED_SELECTOR = YES;
				GCC_WARN_UNINITIALIZED_AUTOS = YES_AGGRESSIVE;
				GCC_WARN_UNUSED_FUNCTION = YES;
				GCC_WARN_UNUSED_VARIABLE = YES;
				IPHONEOS_DEPLOYMENT_TARGET = 8.4;
				MTL_ENABLE_DEBUG_INFO = YES;
				ONLY_ACTIVE_ARCH = YES;
				SDKROOT = iphoneos;
				SWIFT_OPTIMIZATION_LEVEL = "-Onone";
				TARGETED_DEVICE_FAMILY = "1,2";
			};
			name = Debug;
		};
		539155BA1B59B788007CC79C /* Release */ = {
			isa = XCBuildConfiguration;
			buildSettings = {
				ALWAYS_SEARCH_USER_PATHS = NO;
				CLANG_CXX_LANGUAGE_STANDARD = "gnu++0x";
				CLANG_CXX_LIBRARY = "libc++";
				CLANG_ENABLE_MODULES = YES;
				CLANG_ENABLE_OBJC_ARC = YES;
				CLANG_WARN_BOOL_CONVERSION = YES;
				CLANG_WARN_CONSTANT_CONVERSION = YES;
				CLANG_WARN_DIRECT_OBJC_ISA_USAGE = YES_ERROR;
				CLANG_WARN_EMPTY_BODY = YES;
				CLANG_WARN_ENUM_CONVERSION = YES;
				CLANG_WARN_INT_CONVERSION = YES;
				CLANG_WARN_OBJC_ROOT_CLASS = YES_ERROR;
				CLANG_WARN_UNREACHABLE_CODE = YES;
				CLANG_WARN__DUPLICATE_METHOD_MATCH = YES;
				"CODE_SIGN_IDENTITY[sdk=iphoneos*]" = "iPhone Developer";
				COPY_PHASE_STRIP = NO;
				DEBUG_INFORMATION_FORMAT = "dwarf-with-dsym";
				ENABLE_NS_ASSERTIONS = NO;
				ENABLE_STRICT_OBJC_MSGSEND = YES;
				GCC_C_LANGUAGE_STANDARD = gnu99;
				GCC_NO_COMMON_BLOCKS = YES;
				GCC_WARN_64_TO_32_BIT_CONVERSION = YES;
				GCC_WARN_ABOUT_RETURN_TYPE = YES_ERROR;
				GCC_WARN_UNDECLARED_SELECTOR = YES;
				GCC_WARN_UNINITIALIZED_AUTOS = YES_AGGRESSIVE;
				GCC_WARN_UNUSED_FUNCTION = YES;
				GCC_WARN_UNUSED_VARIABLE = YES;
				IPHONEOS_DEPLOYMENT_TARGET = 8.4;
				MTL_ENABLE_DEBUG_INFO = NO;
				SDKROOT = iphoneos;
				TARGETED_DEVICE_FAMILY = "1,2";
				VALIDATE_PRODUCT = YES;
			};
			name = Release;
		};
		539155BC1B59B788007CC79C /* Debug */ = {
			isa = XCBuildConfiguration;
			buildSettings = {
				ASSETCATALOG_COMPILER_APPICON_NAME = AppIcon;
				INFOPLIST_FILE = "Virtual Tourist/Info.plist";
				LD_RUNPATH_SEARCH_PATHS = "$(inherited) @executable_path/Frameworks";
				PRODUCT_NAME = "$(TARGET_NAME)";
			};
			name = Debug;
		};
		539155BD1B59B788007CC79C /* Release */ = {
			isa = XCBuildConfiguration;
			buildSettings = {
				ASSETCATALOG_COMPILER_APPICON_NAME = AppIcon;
				INFOPLIST_FILE = "Virtual Tourist/Info.plist";
				LD_RUNPATH_SEARCH_PATHS = "$(inherited) @executable_path/Frameworks";
				PRODUCT_NAME = "$(TARGET_NAME)";
			};
			name = Release;
		};
		539155BF1B59B788007CC79C /* Debug */ = {
			isa = XCBuildConfiguration;
			buildSettings = {
				BUNDLE_LOADER = "$(TEST_HOST)";
				FRAMEWORK_SEARCH_PATHS = (
					"$(SDKROOT)/Developer/Library/Frameworks",
					"$(inherited)",
				);
				GCC_PREPROCESSOR_DEFINITIONS = (
					"DEBUG=1",
					"$(inherited)",
				);
				INFOPLIST_FILE = "Virtual TouristTests/Info.plist";
				LD_RUNPATH_SEARCH_PATHS = "$(inherited) @executable_path/Frameworks @loader_path/Frameworks";
				PRODUCT_NAME = "$(TARGET_NAME)";
				TEST_HOST = "$(BUILT_PRODUCTS_DIR)/Virtual Tourist.app/Virtual Tourist";
			};
			name = Debug;
		};
		539155C01B59B788007CC79C /* Release */ = {
			isa = XCBuildConfiguration;
			buildSettings = {
				BUNDLE_LOADER = "$(TEST_HOST)";
				FRAMEWORK_SEARCH_PATHS = (
					"$(SDKROOT)/Developer/Library/Frameworks",
					"$(inherited)",
				);
				INFOPLIST_FILE = "Virtual TouristTests/Info.plist";
				LD_RUNPATH_SEARCH_PATHS = "$(inherited) @executable_path/Frameworks @loader_path/Frameworks";
				PRODUCT_NAME = "$(TARGET_NAME)";
				TEST_HOST = "$(BUILT_PRODUCTS_DIR)/Virtual Tourist.app/Virtual Tourist";
			};
			name = Release;
		};
/* End XCBuildConfiguration section */

/* Begin XCConfigurationList section */
		539155941B59B787007CC79C /* Build configuration list for PBXProject "Virtual Tourist" */ = {
			isa = XCConfigurationList;
			buildConfigurations = (
				539155B91B59B788007CC79C /* Debug */,
				539155BA1B59B788007CC79C /* Release */,
			);
			defaultConfigurationIsVisible = 0;
			defaultConfigurationName = Release;
		};
		539155BB1B59B788007CC79C /* Build configuration list for PBXNativeTarget "Virtual Tourist" */ = {
			isa = XCConfigurationList;
			buildConfigurations = (
				539155BC1B59B788007CC79C /* Debug */,
				539155BD1B59B788007CC79C /* Release */,
			);
			defaultConfigurationIsVisible = 0;
			defaultConfigurationName = Release;
		};
		539155BE1B59B788007CC79C /* Build configuration list for PBXNativeTarget "Virtual TouristTests" */ = {
			isa = XCConfigurationList;
			buildConfigurations = (
				539155BF1B59B788007CC79C /* Debug */,
				539155C01B59B788007CC79C /* Release */,
			);
			defaultConfigurationIsVisible = 0;
			defaultConfigurationName = Release;
		};
/* End XCConfigurationList section */

/* Begin XCVersionGroup section */
		539155A01B59B788007CC79C /* Virtual_Tourist.xcdatamodeld */ = {
			isa = XCVersionGroup;
			children = (
				539155A11B59B788007CC79C /* Virtual_Tourist.xcdatamodel */,
			);
			currentVersion = 539155A11B59B788007CC79C /* Virtual_Tourist.xcdatamodel */;
			path = Virtual_Tourist.xcdatamodeld;
			sourceTree = "<group>";
			versionGroupType = wrapper.xcdatamodel;
		};
/* End XCVersionGroup section */
	};
	rootObject = 539155911B59B787007CC79C /* Project object */;
}
